
Microsoft Visual Studio Solution File, Format Version 12.00
# Visual Studio Express 2012 for Web
Project("{FAE04EC0-301F-11D3-BF4B-00C04F79EFBC}") = "AsyncDemo", "AsyncDemo\AsyncDemo.csproj", "{A78C26AE-5EC1-418D-ABB4-9BCF29AECD34}"
EndProject
Project("{FAE04EC0-301F-11D3-BF4B-00C04F79EFBC}") = "AsyncDemo.UnitTests", "AsyncDemo.UnitTests\AsyncDemo.UnitTests.csproj", "{2B628E88-6BEE-46CD-A2E8-6BA464072ECF}"
EndProject
Project("{2150E333-8FDC-42A3-9474-1A3956D46DE8}") = "Solution Items", "Solution Items", "{66F8E214-708A-4462-8638-10EE353B4CC7}"
	ProjectSection(SolutionItems) = preProject
		.gitignore = .gitignore
		AsyncDemo.vsmdi = AsyncDemo.vsmdi
		License.txt = License.txt
		Local.testsettings = Local.testsettings
		Readme.txt = Readme.txt
		TraceAndTestImpact.testsettings = TraceAndTestImpact.testsettings
	EndProjectSection
EndProject
Project("{FAE04EC0-301F-11D3-BF4B-00C04F79EFBC}") = "Implementations", "Implementations\Implementations.csproj", "{F7FA072F-C077-451E-A33E-F09AB0447FD5}"
EndProject
Project("{FAE04EC0-301F-11D3-BF4B-00C04F79EFBC}") = "Implementations.UnitTests", "Implementations.UnitTests\Implementations.UnitTests.csproj", "{94ECF3D3-C65D-4B64-B9B9-387E264DF86A}"
EndProject
Project("{2150E333-8FDC-42A3-9474-1A3956D46DE8}") = "Core", "Core", "{14B11321-8C11-4F00-81E9-39B5CB426D8D}"
EndProject
Global
	GlobalSection(TestCaseManagementSettings) = postSolution
		CategoryFile = AsyncDemo.vsmdi
	EndGlobalSection
	GlobalSection(SolutionConfigurationPlatforms) = preSolution
		Debug|Any CPU = Debug|Any CPU
		Release|Any CPU = Release|Any CPU
	EndGlobalSection
	GlobalSection(ProjectConfigurationPlatforms) = postSolution
		{A78C26AE-5EC1-418D-ABB4-9BCF29AECD34}.Debug|Any CPU.ActiveCfg = Debug|Any CPU
		{A78C26AE-5EC1-418D-ABB4-9BCF29AECD34}.Debug|Any CPU.Build.0 = Debug|Any CPU
		{A78C26AE-5EC1-418D-ABB4-9BCF29AECD34}.Release|Any CPU.ActiveCfg = Release|Any CPU
		{A78C26AE-5EC1-418D-ABB4-9BCF29AECD34}.Release|Any CPU.Build.0 = Release|Any CPU
		{2B628E88-6BEE-46CD-A2E8-6BA464072ECF}.Debug|Any CPU.ActiveCfg = Debug|Any CPU
		{2B628E88-6BEE-46CD-A2E8-6BA464072ECF}.Debug|Any CPU.Build.0 = Debug|Any CPU
		{2B628E88-6BEE-46CD-A2E8-6BA464072ECF}.Release|Any CPU.ActiveCfg = Release|Any CPU
		{2B628E88-6BEE-46CD-A2E8-6BA464072ECF}.Release|Any CPU.Build.0 = Release|Any CPU
		{F7FA072F-C077-451E-A33E-F09AB0447FD5}.Debug|Any CPU.ActiveCfg = Debug|Any CPU
		{F7FA072F-C077-451E-A33E-F09AB0447FD5}.Debug|Any CPU.Build.0 = Debug|Any CPU
		{F7FA072F-C077-451E-A33E-F09AB0447FD5}.Release|Any CPU.ActiveCfg = Release|Any CPU
		{F7FA072F-C077-451E-A33E-F09AB0447FD5}.Release|Any CPU.Build.0 = Release|Any CPU
		{94ECF3D3-C65D-4B64-B9B9-387E264DF86A}.Debug|Any CPU.ActiveCfg = Debug|Any CPU
		{94ECF3D3-C65D-4B64-B9B9-387E264DF86A}.Debug|Any CPU.Build.0 = Debug|Any CPU
		{94ECF3D3-C65D-4B64-B9B9-387E264DF86A}.Release|Any CPU.ActiveCfg = Release|Any CPU
		{94ECF3D3-C65D-4B64-B9B9-387E264DF86A}.Release|Any CPU.Build.0 = Release|Any CPU
	EndGlobalSection
	GlobalSection(SolutionProperties) = preSolution
		HideSolutionNode = FALSE
	EndGlobalSection
	GlobalSection(NestedProjects) = preSolution
		{14B11321-8C11-4F00-81E9-39B5CB426D8D} = {66F8E214-708A-4462-8638-10EE353B4CC7}
		{A78C26AE-5EC1-418D-ABB4-9BCF29AECD34} = {14B11321-8C11-4F00-81E9-39B5CB426D8D}
		{2B628E88-6BEE-46CD-A2E8-6BA464072ECF} = {14B11321-8C11-4F00-81E9-39B5CB426D8D}
	EndGlobalSection
EndGlobal
